// !$*UTF8*$!
{
	archiveVersion = 1;
	classes = {
	};
	objectVersion = 56;
	objects = {

/* Begin PBXBuildFile section */
		C113E8DC2AE5A1DC00362E28 /* WeatherManager.swift in Sources */ = {isa = PBXBuildFile; fileRef = C113E8DB2AE5A1DC00362E28 /* WeatherManager.swift */; };
		C113E8DF2AE70FD200362E28 /* WeatherData.swift in Sources */ = {isa = PBXBuildFile; fileRef = C113E8DE2AE70FD100362E28 /* WeatherData.swift */; };
		C113E8E12AE8828500362E28 /* WeatherModel.swift in Sources */ = {isa = PBXBuildFile; fileRef = C113E8E02AE8828500362E28 /* WeatherModel.swift */; };
		C134D9CE2ADC88B50070845C /* AppDelegate.swift in Sources */ = {isa = PBXBuildFile; fileRef = C134D9CD2ADC88B50070845C /* AppDelegate.swift */; };
		C134D9D02ADC88B50070845C /* SceneDelegate.swift in Sources */ = {isa = PBXBuildFile; fileRef = C134D9CF2ADC88B50070845C /* SceneDelegate.swift */; };
		C134D9D22ADC88B50070845C /* WeatherViewController.swift in Sources */ = {isa = PBXBuildFile; fileRef = C134D9D12ADC88B50070845C /* WeatherViewController.swift */; };
		C134D9D52ADC88B50070845C /* Main.storyboard in Resources */ = {isa = PBXBuildFile; fileRef = C134D9D32ADC88B50070845C /* Main.storyboard */; };
		C134D9D72ADC88B80070845C /* Assets.xcassets in Resources */ = {isa = PBXBuildFile; fileRef = C134D9D62ADC88B80070845C /* Assets.xcassets */; };
		C134D9DA2ADC88B80070845C /* LaunchScreen.storyboard in Resources */ = {isa = PBXBuildFile; fileRef = C134D9D82ADC88B80070845C /* LaunchScreen.storyboard */; };
		C134D9E42ADD82AC0070845C /* Constants.swift in Sources */ = {isa = PBXBuildFile; fileRef = C134D9E32ADD82AC0070845C /* Constants.swift */; };
/* End PBXBuildFile section */

/* Begin PBXFileReference section */
		C113E8DB2AE5A1DC00362E28 /* WeatherManager.swift */ = {isa = PBXFileReference; lastKnownFileType = sourcecode.swift; path = WeatherManager.swift; sourceTree = "<group>"; };
		C113E8DE2AE70FD100362E28 /* WeatherData.swift */ = {isa = PBXFileReference; lastKnownFileType = sourcecode.swift; path = WeatherData.swift; sourceTree = "<group>"; };
		C113E8E02AE8828500362E28 /* WeatherModel.swift */ = {isa = PBXFileReference; lastKnownFileType = sourcecode.swift; path = WeatherModel.swift; sourceTree = "<group>"; };
		C134D9CA2ADC88B50070845C /* WeatherGetter.app */ = {isa = PBXFileReference; explicitFileType = wrapper.application; includeInIndex = 0; path = WeatherGetter.app; sourceTree = BUILT_PRODUCTS_DIR; };
		C134D9CD2ADC88B50070845C /* AppDelegate.swift */ = {isa = PBXFileReference; lastKnownFileType = sourcecode.swift; path = AppDelegate.swift; sourceTree = "<group>"; };
		C134D9CF2ADC88B50070845C /* SceneDelegate.swift */ = {isa = PBXFileReference; lastKnownFileType = sourcecode.swift; path = SceneDelegate.swift; sourceTree = "<group>"; };
		C134D9D12ADC88B50070845C /* WeatherViewController.swift */ = {isa = PBXFileReference; lastKnownFileType = sourcecode.swift; path = WeatherViewController.swift; sourceTree = "<group>"; };
		C134D9D42ADC88B50070845C /* Base */ = {isa = PBXFileReference; lastKnownFileType = file.storyboard; name = Base; path = Base.lproj/Main.storyboard; sourceTree = "<group>"; };
		C134D9D62ADC88B80070845C /* Assets.xcassets */ = {isa = PBXFileReference; lastKnownFileType = folder.assetcatalog; path = Assets.xcassets; sourceTree = "<group>"; };
		C134D9D92ADC88B80070845C /* Base */ = {isa = PBXFileReference; lastKnownFileType = file.storyboard; name = Base; path = Base.lproj/LaunchScreen.storyboard; sourceTree = "<group>"; };
		C134D9DB2ADC88B80070845C /* Info.plist */ = {isa = PBXFileReference; lastKnownFileType = text.plist.xml; path = Info.plist; sourceTree = "<group>"; };
		C134D9E32ADD82AC0070845C /* Constants.swift */ = {isa = PBXFileReference; lastKnownFileType = sourcecode.swift; path = Constants.swift; sourceTree = "<group>"; };
/* End PBXFileReference section */

/* Begin PBXFrameworksBuildPhase section */
		C134D9C72ADC88B50070845C /* Frameworks */ = {
			isa = PBXFrameworksBuildPhase;
			buildActionMask = 2147483647;
			files = (
			);
			runOnlyForDeploymentPostprocessing = 0;
		};
/* End PBXFrameworksBuildPhase section */

/* Begin PBXGroup section */
		C113E8DD2AE5A1E700362E28 /* Model */ = {
			isa = PBXGroup;
			children = (
				C113E8DB2AE5A1DC00362E28 /* WeatherManager.swift */,
				C113E8DE2AE70FD100362E28 /* WeatherData.swift */,
				C113E8E02AE8828500362E28 /* WeatherModel.swift */,
			);
			path = Model;
			sourceTree = "<group>";
		};
		C134D9C12ADC88B50070845C = {
			isa = PBXGroup;
			children = (
				C134D9CC2ADC88B50070845C /* WeatherGetter */,
				C134D9CB2ADC88B50070845C /* Products */,
			);
			sourceTree = "<group>";
		};
		C134D9CB2ADC88B50070845C /* Products */ = {
			isa = PBXGroup;
			children = (
				C134D9CA2ADC88B50070845C /* WeatherGetter.app */,
			);
			name = Products;
			sourceTree = "<group>";
		};
		C134D9CC2ADC88B50070845C /* WeatherGetter */ = {
			isa = PBXGroup;
			children = (
				C134D9CD2ADC88B50070845C /* AppDelegate.swift */,
				C134D9CF2ADC88B50070845C /* SceneDelegate.swift */,
				C134D9E32ADD82AC0070845C /* Constants.swift */,
				C113E8DD2AE5A1E700362E28 /* Model */,
				C134D9E12ADC891E0070845C /* Controller */,
				C134D9E22ADC892B0070845C /* View */,
				C134D9D62ADC88B80070845C /* Assets.xcassets */,
				C134D9DB2ADC88B80070845C /* Info.plist */,
			);
			path = WeatherGetter;
			sourceTree = "<group>";
		};
		C134D9E12ADC891E0070845C /* Controller */ = {
			isa = PBXGroup;
			children = (
				C134D9D12ADC88B50070845C /* WeatherViewController.swift */,
			);
			path = Controller;
			sourceTree = "<group>";
		};
		C134D9E22ADC892B0070845C /* View */ = {
			isa = PBXGroup;
			children = (
				C134D9D32ADC88B50070845C /* Main.storyboard */,
				C134D9D82ADC88B80070845C /* LaunchScreen.storyboard */,
			);
			path = View;
			sourceTree = "<group>";
		};
/* End PBXGroup section */

/* Begin PBXNativeTarget section */
		C134D9C92ADC88B50070845C /* WeatherGetter */ = {
			isa = PBXNativeTarget;
			buildConfigurationList = C134D9DE2ADC88B80070845C /* Build configuration list for PBXNativeTarget "WeatherGetter" */;
			buildPhases = (
				C134D9C62ADC88B50070845C /* Sources */,
				C134D9C72ADC88B50070845C /* Frameworks */,
				C134D9C82ADC88B50070845C /* Resources */,
			);
			buildRules = (
			);
			dependencies = (
			);
			name = WeatherGetter;
			productName = WeatherGetter;
			productReference = C134D9CA2ADC88B50070845C /* WeatherGetter.app */;
			productType = "com.apple.product-type.application";
		};
/* End PBXNativeTarget section */

/* Begin PBXProject section */
		C134D9C22ADC88B50070845C /* Project object */ = {
			isa = PBXProject;
			attributes = {
				BuildIndependentTargetsInParallel = 1;
				LastSwiftUpdateCheck = 1500;
				LastUpgradeCheck = 1500;
				TargetAttributes = {
					C134D9C92ADC88B50070845C = {
						CreatedOnToolsVersion = 15.0;
					};
				};
			};
			buildConfigurationList = C134D9C52ADC88B50070845C /* Build configuration list for PBXProject "WeatherGetter" */;
			compatibilityVersion = "Xcode 14.0";
			developmentRegion = en;
			hasScannedForEncodings = 0;
			knownRegions = (
				en,
				Base,
			);
			mainGroup = C134D9C12ADC88B50070845C;
			productRefGroup = C134D9CB2ADC88B50070845C /* Products */;
			projectDirPath = "";
			projectRoot = "";
			targets = (
				C134D9C92ADC88B50070845C /* WeatherGetter */,
			);
		};
/* End PBXProject section */

/* Begin PBXResourcesBuildPhase section */
		C134D9C82ADC88B50070845C /* Resources */ = {
			isa = PBXResourcesBuildPhase;
			buildActionMask = 2147483647;
			files = (
				C134D9DA2ADC88B80070845C /* LaunchScreen.storyboard in Resources */,
				C134D9D72ADC88B80070845C /* Assets.xcassets in Resources */,
				C134D9D52ADC88B50070845C /* Main.storyboard in Resources */,
			);
			runOnlyForDeploymentPostprocessing = 0;
		};
/* End PBXResourcesBuildPhase section */

/* Begin PBXSourcesBuildPhase section */
		C134D9C62ADC88B50070845C /* Sources */ = {
			isa = PBXSourcesBuildPhase;
			buildActionMask = 2147483647;
			files = (
				C134D9D22ADC88B50070845C /* WeatherViewController.swift in Sources */,
				C134D9CE2ADC88B50070845C /* AppDelegate.swift in Sources */,
				C113E8DC2AE5A1DC00362E28 /* WeatherManager.swift in Sources */,
				C113E8E12AE8828500362E28 /* WeatherModel.swift in Sources */,
				C134D9D02ADC88B50070845C /* SceneDelegate.swift in Sources */,
				C113E8DF2AE70FD200362E28 /* WeatherData.swift in Sources */,
				C134D9E42ADD82AC0070845C /* Constants.swift in Sources */,
			);
			runOnlyForDeploymentPostprocessing = 0;
		};
/* End PBXSourcesBuildPhase section */

/* Begin PBXVariantGroup section */
		C134D9D32ADC88B50070845C /* Main.storyboard */ = {
			isa = PBXVariantGroup;
			children = (
				C134D9D42ADC88B50070845C /* Base */,
			);
			name = Main.storyboard;
			sourceTree = "<group>";
		};
		C134D9D82ADC88B80070845C /* LaunchScreen.storyboard */ = {
			isa = PBXVariantGroup;
			children = (
				C134D9D92ADC88B80070845C /* Base */,
			);
			name = LaunchScreen.storyboard;
			sourceTree = "<group>";
		};
/* End PBXVariantGroup section */

/* Begin XCBuildConfiguration section */
		C134D9DC2ADC88B80070845C /* Debug */ = {
			isa = XCBuildConfiguration;
			buildSettings = {
				ALWAYS_SEARCH_USER_PATHS = NO;
				ASSETCATALOG_COMPILER_GENERATE_SWIFT_ASSET_SYMBOL_EXTENSIONS = YES;
				CLANG_ANALYZER_NONNULL = YES;
				CLANG_ANALYZER_NUMBER_OBJECT_CONVERSION = YES_AGGRESSIVE;
				CLANG_CXX_LANGUAGE_STANDARD = "gnu++20";
				CLANG_ENABLE_MODULES = YES;
				CLANG_ENABLE_OBJC_ARC = YES;
				CLANG_ENABLE_OBJC_WEAK = YES;
				CLANG_WARN_BLOCK_CAPTURE_AUTORELEASING = YES;
				CLANG_WARN_BOOL_CONVERSION = YES;
				CLANG_WARN_COMMA = YES;
				CLANG_WARN_CONSTANT_CONVERSION = YES;
				CLANG_WARN_DEPRECATED_OBJC_IMPLEMENTATIONS = YES;
				CLANG_WARN_DIRECT_OBJC_ISA_USAGE = YES_ERROR;
				CLANG_WARN_DOCUMENTATION_COMMENTS = YES;
				CLANG_WARN_EMPTY_BODY = YES;
				CLANG_WARN_ENUM_CONVERSION = YES;
				CLANG_WARN_INFINITE_RECURSION = YES;
				CLANG_WARN_INT_CONVERSION = YES;
				CLANG_WARN_NON_LITERAL_NULL_CONVERSION = YES;
				CLANG_WARN_OBJC_IMPLICIT_RETAIN_SELF = YES;
				CLANG_WARN_OBJC_LITERAL_CONVERSION = YES;
				CLANG_WARN_OBJC_ROOT_CLASS = YES_ERROR;
				CLANG_WARN_QUOTED_INCLUDE_IN_FRAMEWORK_HEADER = YES;
				CLANG_WARN_RANGE_LOOP_ANALYSIS = YES;
				CLANG_WARN_STRICT_PROTOTYPES = YES;
				CLANG_WARN_SUSPICIOUS_MOVE = YES;
				CLANG_WARN_UNGUARDED_AVAILABILITY = YES_AGGRESSIVE;
				CLANG_WARN_UNREACHABLE_CODE = YES;
				CLANG_WARN__DUPLICATE_METHOD_MATCH = YES;
				COPY_PHASE_STRIP = NO;
				DEBUG_INFORMATION_FORMAT = dwarf;
				ENABLE_STRICT_OBJC_MSGSEND = YES;
				ENABLE_TESTABILITY = YES;
				ENABLE_USER_SCRIPT_SANDBOXING = YES;
				GCC_C_LANGUAGE_STANDARD = gnu17;
				GCC_DYNAMIC_NO_PIC = NO;
				GCC_NO_COMMON_BLOCKS = YES;
				GCC_OPTIMIZATION_LEVEL = 0;
				GCC_PREPROCESSOR_DEFINITIONS = (
					"DEBUG=1",
					"$(inherited)",
				);
				GCC_WARN_64_TO_32_BIT_CONVERSION = YES;
				GCC_WARN_ABOUT_RETURN_TYPE = YES_ERROR;
				GCC_WARN_UNDECLARED_SELECTOR = YES;
				GCC_WARN_UNINITIALIZED_AUTOS = YES_AGGRESSIVE;
				GCC_WARN_UNUSED_FUNCTION = YES;
				GCC_WARN_UNUSED_VARIABLE = YES;
				IPHONEOS_DEPLOYMENT_TARGET = 17.0;
				LOCALIZATION_PREFERS_STRING_CATALOGS = YES;
				MTL_ENABLE_DEBUG_INFO = INCLUDE_SOURCE;
				MTL_FAST_MATH = YES;
				ONLY_ACTIVE_ARCH = YES;
				SDKROOT = iphoneos;
				SWIFT_ACTIVE_COMPILATION_CONDITIONS = "DEBUG $(inherited)";
				SWIFT_OPTIMIZATION_LEVEL = "-Onone";
			};
			name = Debug;
		};
		C134D9DD2ADC88B80070845C /* Release */ = {
			isa = XCBuildConfiguration;
			buildSettings = {
				ALWAYS_SEARCH_USER_PATHS = NO;
				ASSETCATALOG_COMPILER_GENERATE_SWIFT_ASSET_SYMBOL_EXTENSIONS = YES;
				CLANG_ANALYZER_NONNULL = YES;
				CLANG_ANALYZER_NUMBER_OBJECT_CONVERSION = YES_AGGRESSIVE;
				CLANG_CXX_LANGUAGE_STANDARD = "gnu++20";
				CLANG_ENABLE_MODULES = YES;
				CLANG_ENABLE_OBJC_ARC = YES;
				CLANG_ENABLE_OBJC_WEAK = YES;
				CLANG_WARN_BLOCK_CAPTURE_AUTORELEASING = YES;
				CLANG_WARN_BOOL_CONVERSION = YES;
				CLANG_WARN_COMMA = YES;
				CLANG_WARN_CONSTANT_CONVERSION = YES;
				CLANG_WARN_DEPRECATED_OBJC_IMPLEMENTATIONS = YES;
				CLANG_WARN_DIRECT_OBJC_ISA_USAGE = YES_ERROR;
				CLANG_WARN_DOCUMENTATION_COMMENTS = YES;
				CLANG_WARN_EMPTY_BODY = YES;
				CLANG_WARN_ENUM_CONVERSION = YES;
				CLANG_WARN_INFINITE_RECURSION = YES;
				CLANG_WARN_INT_CONVERSION = YES;
				CLANG_WARN_NON_LITERAL_NULL_CONVERSION = YES;
				CLANG_WARN_OBJC_IMPLICIT_RETAIN_SELF = YES;
				CLANG_WARN_OBJC_LITERAL_CONVERSION = YES;
				CLANG_WARN_OBJC_ROOT_CLASS = YES_ERROR;
				CLANG_WARN_QUOTED_INCLUDE_IN_FRAMEWORK_HEADER = YES;
				CLANG_WARN_RANGE_LOOP_ANALYSIS = YES;
				CLANG_WARN_STRICT_PROTOTYPES = YES;
				CLANG_WARN_SUSPICIOUS_MOVE = YES;
				CLANG_WARN_UNGUARDED_AVAILABILITY = YES_AGGRESSIVE;
				CLANG_WARN_UNREACHABLE_CODE = YES;
				CLANG_WARN__DUPLICATE_METHOD_MATCH = YES;
				COPY_PHASE_STRIP = NO;
				DEBUG_INFORMATION_FORMAT = "dwarf-with-dsym";
				ENABLE_NS_ASSERTIONS = NO;
				ENABLE_STRICT_OBJC_MSGSEND = YES;
				ENABLE_USER_SCRIPT_SANDBOXING = YES;
				GCC_C_LANGUAGE_STANDARD = gnu17;
				GCC_NO_COMMON_BLOCKS = YES;
				GCC_WARN_64_TO_32_BIT_CONVERSION = YES;
				GCC_WARN_ABOUT_RETURN_TYPE = YES_ERROR;
				GCC_WARN_UNDECLARED_SELECTOR = YES;
				GCC_WARN_UNINITIALIZED_AUTOS = YES_AGGRESSIVE;
				GCC_WARN_UNUSED_FUNCTION = YES;
				GCC_WARN_UNUSED_VARIABLE = YES;
				IPHONEOS_DEPLOYMENT_TARGET = 17.0;
				LOCALIZATION_PREFERS_STRING_CATALOGS = YES;
				MTL_ENABLE_DEBUG_INFO = NO;
				MTL_FAST_MATH = YES;
				SDKROOT = iphoneos;
				SWIFT_COMPILATION_MODE = wholemodule;
				VALIDATE_PRODUCT = YES;
			};
			name = Release;
		};
		C134D9DF2ADC88B80070845C /* Debug */ = {
			isa = XCBuildConfiguration;
			buildSettings = {
				ASSETCATALOG_COMPILER_APPICON_NAME = AppIcon;
				ASSETCATALOG_COMPILER_GLOBAL_ACCENT_COLOR_NAME = AccentColor;
				CODE_SIGN_STYLE = Automatic;
				CURRENT_PROJECT_VERSION = 1;
				DEVELOPMENT_TEAM = 375SW7DWR6;
				GENERATE_INFOPLIST_FILE = YES;
				INFOPLIST_FILE = WeatherGetter/Info.plist;
				INFOPLIST_KEY_UIApplicationSupportsIndirectInputEvents = YES;
				INFOPLIST_KEY_UILaunchStoryboardName = LaunchScreen;
				INFOPLIST_KEY_UIMainStoryboardFile = Main;
				INFOPLIST_KEY_UISupportedInterfaceOrientations_iPad = "UIInterfaceOrientationPortrait UIInterfaceOrientationPortraitUpsideDown UIInterfaceOrientationLandscapeLeft UIInterfaceOrientationLandscapeRight";
				INFOPLIST_KEY_UISupportedInterfaceOrientations_iPhone = "UIInterfaceOrientationPortrait UIInterfaceOrientationLandscapeLeft UIInterfaceOrientationLandscapeRight";
				IPHONEOS_DEPLOYMENT_TARGET = 16.5;
				LD_RUNPATH_SEARCH_PATHS = (
					"$(inherited)",
					"@executable_path/Frameworks",
				);
				MARKETING_VERSION = 1.0;
				PRODUCT_BUNDLE_IDENTIFIER = com.guilhermemello.WeatherGetter;
				PRODUCT_NAME = "$(TARGET_NAME)";
				SWIFT_EMIT_LOC_STRINGS = YES;
				SWIFT_VERSION = 5.0;
				TARGETED_DEVICE_FAMILY = "1,2";
			};
			name = Debug;
		};
		C134D9E02ADC88B80070845C /* Release */ = {
			isa = XCBuildConfiguration;
			buildSettings = {
				ASSETCATALOG_COMPILER_APPICON_NAME = AppIcon;
				ASSETCATALOG_COMPILER_GLOBAL_ACCENT_COLOR_NAME = AccentColor;
				CODE_SIGN_STYLE = Automatic;
				CURRENT_PROJECT_VERSION = 1;
				DEVELOPMENT_TEAM = 375SW7DWR6;
				GENERATE_INFOPLIST_FILE = YES;
				INFOPLIST_FILE = WeatherGetter/Info.plist;
				INFOPLIST_KEY_UIApplicationSupportsIndirectInputEvents = YES;
				INFOPLIST_KEY_UILaunchStoryboardName = LaunchScreen;
				INFOPLIST_KEY_UIMainStoryboardFile = Main;
				INFOPLIST_KEY_UISupportedInterfaceOrientations_iPad = "UIInterfaceOrientationPortrait UIInterfaceOrientationPortraitUpsideDown UIInterfaceOrientationLandscapeLeft UIInterfaceOrientationLandscapeRight";
				INFOPLIST_KEY_UISupportedInterfaceOrientations_iPhone = "UIInterfaceOrientationPortrait UIInterfaceOrientationLandscapeLeft UIInterfaceOrientationLandscapeRight";
				IPHONEOS_DEPLOYMENT_TARGET = 16.5;
				LD_RUNPATH_SEARCH_PATHS = (
					"$(inherited)",
					"@executable_path/Frameworks",
				);
				MARKETING_VERSION = 1.0;
				PRODUCT_BUNDLE_IDENTIFIER = com.guilhermemello.WeatherGetter;
				PRODUCT_NAME = "$(TARGET_NAME)";
				SWIFT_EMIT_LOC_STRINGS = YES;
				SWIFT_VERSION = 5.0;
				TARGETED_DEVICE_FAMILY = "1,2";
			};
			name = Release;
		};
/* End XCBuildConfiguration section */

/* Begin XCConfigurationList section */
		C134D9C52ADC88B50070845C /* Build configuration list for PBXProject "WeatherGetter" */ = {
			isa = XCConfigurationList;
			buildConfigurations = (
				C134D9DC2ADC88B80070845C /* Debug */,
				C134D9DD2ADC88B80070845C /* Release */,
			);
			defaultConfigurationIsVisible = 0;
			defaultConfigurationName = Release;
		};
		C134D9DE2ADC88B80070845C /* Build configuration list for PBXNativeTarget "WeatherGetter" */ = {
			isa = XCConfigurationList;
			buildConfigurations = (
				C134D9DF2ADC88B80070845C /* Debug */,
				C134D9E02ADC88B80070845C /* Release */,
			);
			defaultConfigurationIsVisible = 0;
			defaultConfigurationName = Release;
		};
/* End XCConfigurationList section */
	};
	rootObject = C134D9C22ADC88B50070845C /* Project object */;
}
